// !$*UTF8*$!
{
	archiveVersion = 1;
	classes = {
	};
	objectVersion = 46;
	objects = {

/* Begin PBXBuildFile section */
		CD0EFC731B26D1420054E90C /* HomeTableViewController.m in Sources */ = {isa = PBXBuildFile; fileRef = CD0EFC721B26D1420054E90C /* HomeTableViewController.m */; };
		CD0EFC761B26D6660054E90C /* addTableViewController.m in Sources */ = {isa = PBXBuildFile; fileRef = CD0EFC751B26D6660054E90C /* addTableViewController.m */; };
		CD0EFC791B26EB860054E90C /* HomeTableViewCell.m in Sources */ = {isa = PBXBuildFile; fileRef = CD0EFC781B26EB860054E90C /* HomeTableViewCell.m */; };
		CD0EFC7C1B26FD7E0054E90C /* Item.m in Sources */ = {isa = PBXBuildFile; fileRef = CD0EFC7B1B26FD7E0054E90C /* Item.m */; };
		CD0EFC7F1B26FF420054E90C /* ItemStore.m in Sources */ = {isa = PBXBuildFile; fileRef = CD0EFC7E1B26FF420054E90C /* ItemStore.m */; };
		CD0EFC821B270A730054E90C /* DetailViewController.m in Sources */ = {isa = PBXBuildFile; fileRef = CD0EFC811B270A730054E90C /* DetailViewController.m */; };
		CD0EFC851B270D970054E90C /* DetailTableViewCell.m in Sources */ = {isa = PBXBuildFile; fileRef = CD0EFC841B270D970054E90C /* DetailTableViewCell.m */; };
		CD0EFC881B2732590054E90C /* ReviewViewController.m in Sources */ = {isa = PBXBuildFile; fileRef = CD0EFC871B2732590054E90C /* ReviewViewController.m */; };
		CD0EFC8A1B27B97C0054E90C /* MapKit.framework in Frameworks */ = {isa = PBXBuildFile; fileRef = CD0EFC891B27B97C0054E90C /* MapKit.framework */; };
		CD0EFC8D1B27C1A70054E90C /* MapViewController.m in Sources */ = {isa = PBXBuildFile; fileRef = CD0EFC8C1B27C1A70054E90C /* MapViewController.m */; };
		CD0EFC901B27D27C0054E90C /* PageContentViewController.m in Sources */ = {isa = PBXBuildFile; fileRef = CD0EFC8F1B27D27C0054E90C /* PageContentViewController.m */; };
		CD0EFC931B27D5010054E90C /* PageViewController.m in Sources */ = {isa = PBXBuildFile; fileRef = CD0EFC921B27D5010054E90C /* PageViewController.m */; };
		CD0EFC961B27ED0A0054E90C /* WebViewController.m in Sources */ = {isa = PBXBuildFile; fileRef = CD0EFC951B27ED0A0054E90C /* WebViewController.m */; };
		CD0EFC991B27ED5E0054E90C /* AboutViewController.m in Sources */ = {isa = PBXBuildFile; fileRef = CD0EFC981B27ED5E0054E90C /* AboutViewController.m */; };
		CDC2C5D41B2033ED00AD5686 /* main.m in Sources */ = {isa = PBXBuildFile; fileRef = CDC2C5D31B2033ED00AD5686 /* main.m */; };
		CDC2C5D71B2033ED00AD5686 /* AppDelegate.m in Sources */ = {isa = PBXBuildFile; fileRef = CDC2C5D61B2033ED00AD5686 /* AppDelegate.m */; };
		CDC2C5DD1B2033ED00AD5686 /* Main.storyboard in Resources */ = {isa = PBXBuildFile; fileRef = CDC2C5DB1B2033ED00AD5686 /* Main.storyboard */; };
		CDC2C5DF1B2033ED00AD5686 /* Images.xcassets in Resources */ = {isa = PBXBuildFile; fileRef = CDC2C5DE1B2033ED00AD5686 /* Images.xcassets */; };
		CDC2C5E21B2033ED00AD5686 /* LaunchScreen.xib in Resources */ = {isa = PBXBuildFile; fileRef = CDC2C5E01B2033ED00AD5686 /* LaunchScreen.xib */; };
		CDC2C5EE1B2033ED00AD5686 /* TableViewAppTests.m in Sources */ = {isa = PBXBuildFile; fileRef = CDC2C5ED1B2033ED00AD5686 /* TableViewAppTests.m */; };
/* End PBXBuildFile section */

/* Begin PBXContainerItemProxy section */
		CDC2C5E81B2033ED00AD5686 /* PBXContainerItemProxy */ = {
			isa = PBXContainerItemProxy;
			containerPortal = CDC2C5C61B2033ED00AD5686 /* Project object */;
			proxyType = 1;
			remoteGlobalIDString = CDC2C5CD1B2033ED00AD5686;
			remoteInfo = TableViewApp;
		};
/* End PBXContainerItemProxy section */

/* Begin PBXFileReference section */
		CD0EFC711B26D1420054E90C /* HomeTableViewController.h */ = {isa = PBXFileReference; fileEncoding = 4; lastKnownFileType = sourcecode.c.h; path = HomeTableViewController.h; sourceTree = "<group>"; };
		CD0EFC721B26D1420054E90C /* HomeTableViewController.m */ = {isa = PBXFileReference; fileEncoding = 4; lastKnownFileType = sourcecode.c.objc; path = HomeTableViewController.m; sourceTree = "<group>"; };
		CD0EFC741B26D6660054E90C /* addTableViewController.h */ = {isa = PBXFileReference; fileEncoding = 4; lastKnownFileType = sourcecode.c.h; path = addTableViewController.h; sourceTree = "<group>"; };
		CD0EFC751B26D6660054E90C /* addTableViewController.m */ = {isa = PBXFileReference; fileEncoding = 4; lastKnownFileType = sourcecode.c.objc; path = addTableViewController.m; sourceTree = "<group>"; };
		CD0EFC771B26EB860054E90C /* HomeTableViewCell.h */ = {isa = PBXFileReference; fileEncoding = 4; lastKnownFileType = sourcecode.c.h; path = HomeTableViewCell.h; sourceTree = "<group>"; };
		CD0EFC781B26EB860054E90C /* HomeTableViewCell.m */ = {isa = PBXFileReference; fileEncoding = 4; lastKnownFileType = sourcecode.c.objc; path = HomeTableViewCell.m; sourceTree = "<group>"; };
		CD0EFC7A1B26FD7E0054E90C /* Item.h */ = {isa = PBXFileReference; fileEncoding = 4; lastKnownFileType = sourcecode.c.h; path = Item.h; sourceTree = "<group>"; };
		CD0EFC7B1B26FD7E0054E90C /* Item.m */ = {isa = PBXFileReference; fileEncoding = 4; lastKnownFileType = sourcecode.c.objc; path = Item.m; sourceTree = "<group>"; };
		CD0EFC7D1B26FF420054E90C /* ItemStore.h */ = {isa = PBXFileReference; fileEncoding = 4; lastKnownFileType = sourcecode.c.h; path = ItemStore.h; sourceTree = "<group>"; };
		CD0EFC7E1B26FF420054E90C /* ItemStore.m */ = {isa = PBXFileReference; fileEncoding = 4; lastKnownFileType = sourcecode.c.objc; path = ItemStore.m; sourceTree = "<group>"; };
		CD0EFC801B270A730054E90C /* DetailViewController.h */ = {isa = PBXFileReference; fileEncoding = 4; lastKnownFileType = sourcecode.c.h; path = DetailViewController.h; sourceTree = "<group>"; };
		CD0EFC811B270A730054E90C /* DetailViewController.m */ = {isa = PBXFileReference; fileEncoding = 4; lastKnownFileType = sourcecode.c.objc; path = DetailViewController.m; sourceTree = "<group>"; };
		CD0EFC831B270D970054E90C /* DetailTableViewCell.h */ = {isa = PBXFileReference; fileEncoding = 4; lastKnownFileType = sourcecode.c.h; path = DetailTableViewCell.h; sourceTree = "<group>"; };
		CD0EFC841B270D970054E90C /* DetailTableViewCell.m */ = {isa = PBXFileReference; fileEncoding = 4; lastKnownFileType = sourcecode.c.objc; path = DetailTableViewCell.m; sourceTree = "<group>"; };
		CD0EFC861B2732590054E90C /* ReviewViewController.h */ = {isa = PBXFileReference; fileEncoding = 4; lastKnownFileType = sourcecode.c.h; path = ReviewViewController.h; sourceTree = "<group>"; };
		CD0EFC871B2732590054E90C /* ReviewViewController.m */ = {isa = PBXFileReference; fileEncoding = 4; lastKnownFileType = sourcecode.c.objc; path = ReviewViewController.m; sourceTree = "<group>"; };
		CD0EFC891B27B97C0054E90C /* MapKit.framework */ = {isa = PBXFileReference; lastKnownFileType = wrapper.framework; name = MapKit.framework; path = System/Library/Frameworks/MapKit.framework; sourceTree = SDKROOT; };
		CD0EFC8B1B27C1A70054E90C /* MapViewController.h */ = {isa = PBXFileReference; fileEncoding = 4; lastKnownFileType = sourcecode.c.h; path = MapViewController.h; sourceTree = "<group>"; };
		CD0EFC8C1B27C1A70054E90C /* MapViewController.m */ = {isa = PBXFileReference; fileEncoding = 4; lastKnownFileType = sourcecode.c.objc; path = MapViewController.m; sourceTree = "<group>"; };
		CD0EFC8E1B27D27C0054E90C /* PageContentViewController.h */ = {isa = PBXFileReference; fileEncoding = 4; lastKnownFileType = sourcecode.c.h; path = PageContentViewController.h; sourceTree = "<group>"; };
		CD0EFC8F1B27D27C0054E90C /* PageContentViewController.m */ = {isa = PBXFileReference; fileEncoding = 4; lastKnownFileType = sourcecode.c.objc; path = PageContentViewController.m; sourceTree = "<group>"; };
		CD0EFC911B27D5010054E90C /* PageViewController.h */ = {isa = PBXFileReference; fileEncoding = 4; lastKnownFileType = sourcecode.c.h; path = PageViewController.h; sourceTree = "<group>"; };
		CD0EFC921B27D5010054E90C /* PageViewController.m */ = {isa = PBXFileReference; fileEncoding = 4; lastKnownFileType = sourcecode.c.objc; path = PageViewController.m; sourceTree = "<group>"; };
		CD0EFC941B27ED0A0054E90C /* WebViewController.h */ = {isa = PBXFileReference; fileEncoding = 4; lastKnownFileType = sourcecode.c.h; path = WebViewController.h; sourceTree = "<group>"; };
		CD0EFC951B27ED0A0054E90C /* WebViewController.m */ = {isa = PBXFileReference; fileEncoding = 4; lastKnownFileType = sourcecode.c.objc; path = WebViewController.m; sourceTree = "<group>"; };
		CD0EFC971B27ED5E0054E90C /* AboutViewController.h */ = {isa = PBXFileReference; fileEncoding = 4; lastKnownFileType = sourcecode.c.h; path = AboutViewController.h; sourceTree = "<group>"; };
		CD0EFC981B27ED5E0054E90C /* AboutViewController.m */ = {isa = PBXFileReference; fileEncoding = 4; lastKnownFileType = sourcecode.c.objc; path = AboutViewController.m; sourceTree = "<group>"; };
		CDC2C5CE1B2033ED00AD5686 /* TableViewApp.app */ = {isa = PBXFileReference; explicitFileType = wrapper.application; includeInIndex = 0; path = TableViewApp.app; sourceTree = BUILT_PRODUCTS_DIR; };
		CDC2C5D21B2033ED00AD5686 /* Info.plist */ = {isa = PBXFileReference; lastKnownFileType = text.plist.xml; path = Info.plist; sourceTree = "<group>"; };
		CDC2C5D31B2033ED00AD5686 /* main.m */ = {isa = PBXFileReference; lastKnownFileType = sourcecode.c.objc; path = main.m; sourceTree = "<group>"; };
		CDC2C5D51B2033ED00AD5686 /* AppDelegate.h */ = {isa = PBXFileReference; lastKnownFileType = sourcecode.c.h; path = AppDelegate.h; sourceTree = "<group>"; };
		CDC2C5D61B2033ED00AD5686 /* AppDelegate.m */ = {isa = PBXFileReference; lastKnownFileType = sourcecode.c.objc; path = AppDelegate.m; sourceTree = "<group>"; };
		CDC2C5DC1B2033ED00AD5686 /* Base */ = {isa = PBXFileReference; lastKnownFileType = file.storyboard; name = Base; path = Base.lproj/Main.storyboard; sourceTree = "<group>"; };
		CDC2C5DE1B2033ED00AD5686 /* Images.xcassets */ = {isa = PBXFileReference; lastKnownFileType = folder.assetcatalog; path = Images.xcassets; sourceTree = "<group>"; };
		CDC2C5E11B2033ED00AD5686 /* Base */ = {isa = PBXFileReference; lastKnownFileType = file.xib; name = Base; path = Base.lproj/LaunchScreen.xib; sourceTree = "<group>"; };
		CDC2C5E71B2033ED00AD5686 /* TableViewAppTests.xctest */ = {isa = PBXFileReference; explicitFileType = wrapper.cfbundle; includeInIndex = 0; path = TableViewAppTests.xctest; sourceTree = BUILT_PRODUCTS_DIR; };
		CDC2C5EC1B2033ED00AD5686 /* Info.plist */ = {isa = PBXFileReference; lastKnownFileType = text.plist.xml; path = Info.plist; sourceTree = "<group>"; };
		CDC2C5ED1B2033ED00AD5686 /* TableViewAppTests.m */ = {isa = PBXFileReference; lastKnownFileType = sourcecode.c.objc; path = TableViewAppTests.m; sourceTree = "<group>"; };
/* End PBXFileReference section */

/* Begin PBXFrameworksBuildPhase section */
		CDC2C5CB1B2033ED00AD5686 /* Frameworks */ = {
			isa = PBXFrameworksBuildPhase;
			buildActionMask = 2147483647;
			files = (
				CD0EFC8A1B27B97C0054E90C /* MapKit.framework in Frameworks */,
			);
			runOnlyForDeploymentPostprocessing = 0;
		};
		CDC2C5E41B2033ED00AD5686 /* Frameworks */ = {
			isa = PBXFrameworksBuildPhase;
			buildActionMask = 2147483647;
			files = (
			);
			runOnlyForDeploymentPostprocessing = 0;
		};
/* End PBXFrameworksBuildPhase section */

/* Begin PBXGroup section */
		CDC2C5C51B2033ED00AD5686 = {
			isa = PBXGroup;
			children = (
				CD0EFC891B27B97C0054E90C /* MapKit.framework */,
				CDC2C5D01B2033ED00AD5686 /* TableViewApp */,
				CDC2C5EA1B2033ED00AD5686 /* TableViewAppTests */,
				CDC2C5CF1B2033ED00AD5686 /* Products */,
			);
			sourceTree = "<group>";
		};
		CDC2C5CF1B2033ED00AD5686 /* Products */ = {
			isa = PBXGroup;
			children = (
				CDC2C5CE1B2033ED00AD5686 /* TableViewApp.app */,
				CDC2C5E71B2033ED00AD5686 /* TableViewAppTests.xctest */,
			);
			name = Products;
			sourceTree = "<group>";
		};
		CDC2C5D01B2033ED00AD5686 /* TableViewApp */ = {
			isa = PBXGroup;
			children = (
				CDC2C5DB1B2033ED00AD5686 /* Main.storyboard */,
				CD0EFC7A1B26FD7E0054E90C /* Item.h */,
				CD0EFC7B1B26FD7E0054E90C /* Item.m */,
				CD0EFC7D1B26FF420054E90C /* ItemStore.h */,
				CD0EFC7E1B26FF420054E90C /* ItemStore.m */,
				CDC2C5D51B2033ED00AD5686 /* AppDelegate.h */,
				CDC2C5D61B2033ED00AD5686 /* AppDelegate.m */,
				CD0EFC771B26EB860054E90C /* HomeTableViewCell.h */,
				CD0EFC781B26EB860054E90C /* HomeTableViewCell.m */,
				CD0EFC831B270D970054E90C /* DetailTableViewCell.h */,
				CD0EFC841B270D970054E90C /* DetailTableViewCell.m */,
				CD0EFC711B26D1420054E90C /* HomeTableViewController.h */,
				CD0EFC721B26D1420054E90C /* HomeTableViewController.m */,
				CD0EFC741B26D6660054E90C /* addTableViewController.h */,
				CD0EFC751B26D6660054E90C /* addTableViewController.m */,
				CD0EFC801B270A730054E90C /* DetailViewController.h */,
				CD0EFC811B270A730054E90C /* DetailViewController.m */,
				CD0EFC861B2732590054E90C /* ReviewViewController.h */,
				CD0EFC871B2732590054E90C /* ReviewViewController.m */,
				CD0EFC8B1B27C1A70054E90C /* MapViewController.h */,
				CD0EFC8C1B27C1A70054E90C /* MapViewController.m */,
				CD0EFC911B27D5010054E90C /* PageViewController.h */,
				CD0EFC921B27D5010054E90C /* PageViewController.m */,
				CD0EFC8E1B27D27C0054E90C /* PageContentViewController.h */,
				CD0EFC8F1B27D27C0054E90C /* PageContentViewController.m */,
				CD0EFC971B27ED5E0054E90C /* AboutViewController.h */,
				CD0EFC981B27ED5E0054E90C /* AboutViewController.m */,
				CD0EFC941B27ED0A0054E90C /* WebViewController.h */,
				CD0EFC951B27ED0A0054E90C /* WebViewController.m */,
				CDC2C5DE1B2033ED00AD5686 /* Images.xcassets */,
				CDC2C5E01B2033ED00AD5686 /* LaunchScreen.xib */,
				CDC2C5D11B2033ED00AD5686 /* Supporting Files */,
			);
			path = TableViewApp;
			sourceTree = "<group>";
		};
		CDC2C5D11B2033ED00AD5686 /* Supporting Files */ = {
			isa = PBXGroup;
			children = (
				CDC2C5D21B2033ED00AD5686 /* Info.plist */,
				CDC2C5D31B2033ED00AD5686 /* main.m */,
			);
			name = "Supporting Files";
			sourceTree = "<group>";
		};
		CDC2C5EA1B2033ED00AD5686 /* TableViewAppTests */ = {
			isa = PBXGroup;
			children = (
				CDC2C5ED1B2033ED00AD5686 /* TableViewAppTests.m */,
				CDC2C5EB1B2033ED00AD5686 /* Supporting Files */,
			);
			path = TableViewAppTests;
			sourceTree = "<group>";
		};
		CDC2C5EB1B2033ED00AD5686 /* Supporting Files */ = {
			isa = PBXGroup;
			children = (
				CDC2C5EC1B2033ED00AD5686 /* Info.plist */,
			);
			name = "Supporting Files";
			sourceTree = "<group>";
		};
/* End PBXGroup section */

/* Begin PBXNativeTarget section */
		CDC2C5CD1B2033ED00AD5686 /* TableViewApp */ = {
			isa = PBXNativeTarget;
			buildConfigurationList = CDC2C5F11B2033ED00AD5686 /* Build configuration list for PBXNativeTarget "TableViewApp" */;
			buildPhases = (
				CDC2C5CA1B2033ED00AD5686 /* Sources */,
				CDC2C5CB1B2033ED00AD5686 /* Frameworks */,
				CDC2C5CC1B2033ED00AD5686 /* Resources */,
			);
			buildRules = (
			);
			dependencies = (
			);
			name = TableViewApp;
			productName = TableViewApp;
			productReference = CDC2C5CE1B2033ED00AD5686 /* TableViewApp.app */;
			productType = "com.apple.product-type.application";
		};
		CDC2C5E61B2033ED00AD5686 /* TableViewAppTests */ = {
			isa = PBXNativeTarget;
			buildConfigurationList = CDC2C5F41B2033ED00AD5686 /* Build configuration list for PBXNativeTarget "TableViewAppTests" */;
			buildPhases = (
				CDC2C5E31B2033ED00AD5686 /* Sources */,
				CDC2C5E41B2033ED00AD5686 /* Frameworks */,
				CDC2C5E51B2033ED00AD5686 /* Resources */,
			);
			buildRules = (
			);
			dependencies = (
				CDC2C5E91B2033ED00AD5686 /* PBXTargetDependency */,
			);
			name = TableViewAppTests;
			productName = TableViewAppTests;
			productReference = CDC2C5E71B2033ED00AD5686 /* TableViewAppTests.xctest */;
			productType = "com.apple.product-type.bundle.unit-test";
		};
/* End PBXNativeTarget section */

/* Begin PBXProject section */
		CDC2C5C61B2033ED00AD5686 /* Project object */ = {
			isa = PBXProject;
			attributes = {
				LastUpgradeCheck = 0630;
				ORGANIZATIONNAME = HuS;
				TargetAttributes = {
					CDC2C5CD1B2033ED00AD5686 = {
						CreatedOnToolsVersion = 6.3.1;
						SystemCapabilities = {
							com.apple.Maps.iOS = {
								enabled = 1;
							};
						};
					};
					CDC2C5E61B2033ED00AD5686 = {
						CreatedOnToolsVersion = 6.3.1;
						TestTargetID = CDC2C5CD1B2033ED00AD5686;
					};
				};
			};
			buildConfigurationList = CDC2C5C91B2033ED00AD5686 /* Build configuration list for PBXProject "TableViewApp" */;
			compatibilityVersion = "Xcode 3.2";
			developmentRegion = English;
			hasScannedForEncodings = 0;
			knownRegions = (
				en,
				Base,
			);
			mainGroup = CDC2C5C51B2033ED00AD5686;
			productRefGroup = CDC2C5CF1B2033ED00AD5686 /* Products */;
			projectDirPath = "";
			projectRoot = "";
			targets = (
				CDC2C5CD1B2033ED00AD5686 /* TableViewApp */,
				CDC2C5E61B2033ED00AD5686 /* TableViewAppTests */,
			);
		};
/* End PBXProject section */

/* Begin PBXResourcesBuildPhase section */
		CDC2C5CC1B2033ED00AD5686 /* Resources */ = {
			isa = PBXResourcesBuildPhase;
			buildActionMask = 2147483647;
			files = (
				CDC2C5DD1B2033ED00AD5686 /* Main.storyboard in Resources */,
				CDC2C5E21B2033ED00AD5686 /* LaunchScreen.xib in Resources */,
				CDC2C5DF1B2033ED00AD5686 /* Images.xcassets in Resources */,
			);
			runOnlyForDeploymentPostprocessing = 0;
		};
		CDC2C5E51B2033ED00AD5686 /* Resources */ = {
			isa = PBXResourcesBuildPhase;
			buildActionMask = 2147483647;
			files = (
			);
			runOnlyForDeploymentPostprocessing = 0;
		};
/* End PBXResourcesBuildPhase section */

/* Begin PBXSourcesBuildPhase section */
		CDC2C5CA1B2033ED00AD5686 /* Sources */ = {
			isa = PBXSourcesBuildPhase;
			buildActionMask = 2147483647;
			files = (
				CD0EFC881B2732590054E90C /* ReviewViewController.m in Sources */,
				CD0EFC961B27ED0A0054E90C /* WebViewController.m in Sources */,
				CD0EFC7C1B26FD7E0054E90C /* Item.m in Sources */,
				CD0EFC731B26D1420054E90C /* HomeTableViewController.m in Sources */,
				CDC2C5D71B2033ED00AD5686 /* AppDelegate.m in Sources */,
				CD0EFC851B270D970054E90C /* DetailTableViewCell.m in Sources */,
				CD0EFC991B27ED5E0054E90C /* AboutViewController.m in Sources */,
				CD0EFC901B27D27C0054E90C /* PageContentViewController.m in Sources */,
				CD0EFC821B270A730054E90C /* DetailViewController.m in Sources */,
				CD0EFC7F1B26FF420054E90C /* ItemStore.m in Sources */,
				CD0EFC791B26EB860054E90C /* HomeTableViewCell.m in Sources */,
				CDC2C5D41B2033ED00AD5686 /* main.m in Sources */,
				CD0EFC761B26D6660054E90C /* addTableViewController.m in Sources */,
				CD0EFC931B27D5010054E90C /* PageViewController.m in Sources */,
				CD0EFC8D1B27C1A70054E90C /* MapViewController.m in Sources */,
			);
			runOnlyForDeploymentPostprocessing = 0;
		};
		CDC2C5E31B2033ED00AD5686 /* Sources */ = {
			isa = PBXSourcesBuildPhase;
			buildActionMask = 2147483647;
			files = (
				CDC2C5EE1B2033ED00AD5686 /* TableViewAppTests.m in Sources */,
			);
			runOnlyForDeploymentPostprocessing = 0;
		};
/* End PBXSourcesBuildPhase section */

/* Begin PBXTargetDependency section */
		CDC2C5E91B2033ED00AD5686 /* PBXTargetDependency */ = {
			isa = PBXTargetDependency;
			target = CDC2C5CD1B2033ED00AD5686 /* TableViewApp */;
			targetProxy = CDC2C5E81B2033ED00AD5686 /* PBXContainerItemProxy */;
		};
/* End PBXTargetDependency section */

/* Begin PBXVariantGroup section */
		CDC2C5DB1B2033ED00AD5686 /* Main.storyboard */ = {
			isa = PBXVariantGroup;
			children = (
				CDC2C5DC1B2033ED00AD5686 /* Base */,
			);
			name = Main.storyboard;
			sourceTree = "<group>";
		};
		CDC2C5E01B2033ED00AD5686 /* LaunchScreen.xib */ = {
			isa = PBXVariantGroup;
			children = (
				CDC2C5E11B2033ED00AD5686 /* Base */,
			);
			name = LaunchScreen.xib;
			sourceTree = "<group>";
		};
/* End PBXVariantGroup section */

/* Begin XCBuildConfiguration section */
		CDC2C5EF1B2033ED00AD5686 /* Debug */ = {
			isa = XCBuildConfiguration;
			buildSettings = {
				ALWAYS_SEARCH_USER_PATHS = NO;
				CLANG_CXX_LANGUAGE_STANDARD = "gnu++0x";
				CLANG_CXX_LIBRARY = "libc++";
				CLANG_ENABLE_MODULES = YES;
				CLANG_ENABLE_OBJC_ARC = YES;
				CLANG_WARN_BOOL_CONVERSION = YES;
				CLANG_WARN_CONSTANT_CONVERSION = YES;
				CLANG_WARN_DIRECT_OBJC_ISA_USAGE = YES_ERROR;
				CLANG_WARN_EMPTY_BODY = YES;
				CLANG_WARN_ENUM_CONVERSION = YES;
				CLANG_WARN_INT_CONVERSION = YES;
				CLANG_WARN_OBJC_ROOT_CLASS = YES_ERROR;
				CLANG_WARN_UNREACHABLE_CODE = YES;
				CLANG_WARN__DUPLICATE_METHOD_MATCH = YES;
				"CODE_SIGN_IDENTITY[sdk=iphoneos*]" = "iPhone Developer";
				COPY_PHASE_STRIP = NO;
				DEBUG_INFORMATION_FORMAT = "dwarf-with-dsym";
				ENABLE_STRICT_OBJC_MSGSEND = YES;
				GCC_C_LANGUAGE_STANDARD = gnu99;
				GCC_DYNAMIC_NO_PIC = NO;
				GCC_NO_COMMON_BLOCKS = YES;
				GCC_OPTIMIZATION_LEVEL = 0;
				GCC_PREPROCESSOR_DEFINITIONS = (
					"DEBUG=1",
					"$(inherited)",
				);
				GCC_SYMBOLS_PRIVATE_EXTERN = NO;
				GCC_WARN_64_TO_32_BIT_CONVERSION = YES;
				GCC_WARN_ABOUT_RETURN_TYPE = YES_ERROR;
				GCC_WARN_UNDECLARED_SELECTOR = YES;
				GCC_WARN_UNINITIALIZED_AUTOS = YES_AGGRESSIVE;
				GCC_WARN_UNUSED_FUNCTION = YES;
				GCC_WARN_UNUSED_VARIABLE = YES;
				IPHONEOS_DEPLOYMENT_TARGET = 8.3;
				MTL_ENABLE_DEBUG_INFO = YES;
				ONLY_ACTIVE_ARCH = YES;
				SDKROOT = iphoneos;
				TARGETED_DEVICE_FAMILY = 2;
			};
			name = Debug;
		};
		CDC2C5F01B2033ED00AD5686 /* Release */ = {
			isa = XCBuildConfiguration;
			buildSettings = {
				ALWAYS_SEARCH_USER_PATHS = NO;
				CLANG_CXX_LANGUAGE_STANDARD = "gnu++0x";
				CLANG_CXX_LIBRARY = "libc++";
				CLANG_ENABLE_MODULES = YES;
				CLANG_ENABLE_OBJC_ARC = YES;
				CLANG_WARN_BOOL_CONVERSION = YES;
				CLANG_WARN_CONSTANT_CONVERSION = YES;
				CLANG_WARN_DIRECT_OBJC_ISA_USAGE = YES_ERROR;
				CLANG_WARN_EMPTY_BODY = YES;
				CLANG_WARN_ENUM_CONVERSION = YES;
				CLANG_WARN_INT_CONVERSION = YES;
				CLANG_WARN_OBJC_ROOT_CLASS = YES_ERROR;
				CLANG_WARN_UNREACHABLE_CODE = YES;
				CLANG_WARN__DUPLICATE_METHOD_MATCH = YES;
				"CODE_SIGN_IDENTITY[sdk=iphoneos*]" = "iPhone Developer";
				COPY_PHASE_STRIP = NO;
				DEBUG_INFORMATION_FORMAT = "dwarf-with-dsym";
				ENABLE_NS_ASSERTIONS = NO;
				ENABLE_STRICT_OBJC_MSGSEND = YES;
				GCC_C_LANGUAGE_STANDARD = gnu99;
				GCC_NO_COMMON_BLOCKS = YES;
				GCC_WARN_64_TO_32_BIT_CONVERSION = YES;
				GCC_WARN_ABOUT_RETURN_TYPE = YES_ERROR;
				GCC_WARN_UNDECLARED_SELECTOR = YES;
				GCC_WARN_UNINITIALIZED_AUTOS = YES_AGGRESSIVE;
				GCC_WARN_UNUSED_FUNCTION = YES;
				GCC_WARN_UNUSED_VARIABLE = YES;
				IPHONEOS_DEPLOYMENT_TARGET = 8.3;
				MTL_ENABLE_DEBUG_INFO = NO;
				SDKROOT = iphoneos;
				TARGETED_DEVICE_FAMILY = 2;
				VALIDATE_PRODUCT = YES;
			};
			name = Release;
		};
		CDC2C5F21B2033ED00AD5686 /* Debug */ = {
			isa = XCBuildConfiguration;
			buildSettings = {
				ASSETCATALOG_COMPILER_APPICON_NAME = AppIcon;
				INFOPLIST_FILE = TableViewApp/Info.plist;
				LD_RUNPATH_SEARCH_PATHS = "$(inherited) @executable_path/Frameworks";
				PRODUCT_NAME = "$(TARGET_NAME)";
				TARGETED_DEVICE_FAMILY = 1;
			};
			name = Debug;
		};
		CDC2C5F31B2033ED00AD5686 /* Release */ = {
			isa = XCBuildConfiguration;
			buildSettings = {
				ASSETCATALOG_COMPILER_APPICON_NAME = AppIcon;
				INFOPLIST_FILE = TableViewApp/Info.plist;
				LD_RUNPATH_SEARCH_PATHS = "$(inherited) @executable_path/Frameworks";
				PRODUCT_NAME = "$(TARGET_NAME)";
				TARGETED_DEVICE_FAMILY = 1;
			};
			name = Release;
		};
		CDC2C5F51B2033ED00AD5686 /* Debug */ = {
			isa = XCBuildConfiguration;
			buildSettings = {
				BUNDLE_LOADER = "$(TEST_HOST)";
				FRAMEWORK_SEARCH_PATHS = (
					"$(SDKROOT)/Developer/Library/Frameworks",
					"$(inherited)",
				);
				GCC_PREPROCESSOR_DEFINITIONS = (
					"DEBUG=1",
					"$(inherited)",
				);
				INFOPLIST_FILE = TableViewAppTests/Info.plist;
				LD_RUNPATH_SEARCH_PATHS = "$(inherited) @executable_path/Frameworks @loader_path/Frameworks";
				PRODUCT_NAME = "$(TARGET_NAME)";
				TEST_HOST = "$(BUILT_PRODUCTS_DIR)/TableViewApp.app/TableViewApp";
			};
			name = Debug;
		};
		CDC2C5F61B2033ED00AD5686 /* Release */ = {
			isa = XCBuildConfiguration;
			buildSettings = {
				BUNDLE_LOADER = "$(TEST_HOST)";
				FRAMEWORK_SEARCH_PATHS = (
					"$(SDKROOT)/Developer/Library/Frameworks",
					"$(inherited)",
				);
				INFOPLIST_FILE = TableViewAppTests/Info.plist;
				LD_RUNPATH_SEARCH_PATHS = "$(inherited) @executable_path/Frameworks @loader_path/Frameworks";
				PRODUCT_NAME = "$(TARGET_NAME)";
				TEST_HOST = "$(BUILT_PRODUCTS_DIR)/TableViewApp.app/TableViewApp";
			};
			name = Release;
		};
/* End XCBuildConfiguration section */

/* Begin XCConfigurationList section */
		CDC2C5C91B2033ED00AD5686 /* Build configuration list for PBXProject "TableViewApp" */ = {
			isa = XCConfigurationList;
			buildConfigurations = (
				CDC2C5EF1B2033ED00AD5686 /* Debug */,
				CDC2C5F01B2033ED00AD5686 /* Release */,
			);
			defaultConfigurationIsVisible = 0;
			defaultConfigurationName = Release;
		};
		CDC2C5F11B2033ED00AD5686 /* Build configuration list for PBXNativeTarget "TableViewApp" */ = {
			isa = XCConfigurationList;
			buildConfigurations = (
				CDC2C5F21B2033ED00AD5686 /* Debug */,
				CDC2C5F31B2033ED00AD5686 /* Release */,
			);
			defaultConfigurationIsVisible = 0;
			defaultConfigurationName = Release;
		};
		CDC2C5F41B2033ED00AD5686 /* Build configuration list for PBXNativeTarget "TableViewAppTests" */ = {
			isa = XCConfigurationList;
			buildConfigurations = (
				CDC2C5F51B2033ED00AD5686 /* Debug */,
				CDC2C5F61B2033ED00AD5686 /* Release */,
			);
			defaultConfigurationIsVisible = 0;
			defaultConfigurationName = Release;
		};
/* End XCConfigurationList section */
	};
	rootObject = CDC2C5C61B2033ED00AD5686 /* Project object */;
}
